# This file is automatically @generated by Cargo.
# It is not intended for manual editing.
version = 4

[[package]]
name = "php-rs-compiler"
version = "0.1.0"

[[package]]
name = "php-rs-ext-standard"
version = "0.1.0"

[[package]]
name = "php-rs-gc"
version = "0.1.0"

[[package]]
name = "php-rs-lexer"
version = "0.1.0"

[[package]]
name = "php-rs-parser"
version = "0.1.0"

[[package]]
name = "php-rs-runtime"
version = "0.1.0"

[[package]]
name = "php-rs-sapi-cli"
version = "0.1.0"

[[package]]
name = "php-rs-types"
version = "0.1.0"

[[package]]
name = "php-rs-vm"
version = "0.1.0"
